
Microsoft Visual Studio Solution File, Format Version 12.00
# Visual Studio Version 17
VisualStudioVersion = 17.8.34408.163
MinimumVisualStudioVersion = 10.0.40219.1
Project("{9A19103F-16F7-4668-BE54-9A1E7A4F7556}") = "Project", "Project\Project.csproj", "{9991AC4C-B0AC-4E49-AA4B-8EC5D38545D2}"
EndProject
Project("{9A19103F-16F7-4668-BE54-9A1E7A4F7556}") = "Model", "Model\Model.csproj", "{13228B07-C357-47DC-A4DB-B5527276ABF8}"
EndProject
Project("{FAE04EC0-301F-11D3-BF4B-00C04F79EFBC}") = "Project1", "Project1\Project1.csproj", "{315D43F1-7E02-41AF-81B2-0D35510C174D}"
EndProject
Global
	GlobalSection(SolutionConfigurationPlatforms) = preSolution
		Debug|Any CPU = Debug|Any CPU
		Release|Any CPU = Release|Any CPU
	EndGlobalSection
	GlobalSection(ProjectConfigurationPlatforms) = postSolution
		{9991AC4C-B0AC-4E49-AA4B-8EC5D38545D2}.Debug|Any CPU.ActiveCfg = Debug|Any CPU
		{9991AC4C-B0AC-4E49-AA4B-8EC5D38545D2}.Debug|Any CPU.Build.0 = Debug|Any CPU
		{9991AC4C-B0AC-4E49-AA4B-8EC5D38545D2}.Release|Any CPU.ActiveCfg = Release|Any CPU
		{9991AC4C-B0AC-4E49-AA4B-8EC5D38545D2}.Release|Any CPU.Build.0 = Release|Any CPU
		{13228B07-C357-47DC-A4DB-B5527276ABF8}.Debug|Any CPU.ActiveCfg = Debug|Any CPU
		{13228B07-C357-47DC-A4DB-B5527276ABF8}.Debug|Any CPU.Build.0 = Debug|Any CPU
		{13228B07-C357-47DC-A4DB-B5527276ABF8}.Release|Any CPU.ActiveCfg = Release|Any CPU
		{13228B07-C357-47DC-A4DB-B5527276ABF8}.Release|Any CPU.Build.0 = Release|Any CPU
		{315D43F1-7E02-41AF-81B2-0D35510C174D}.Debug|Any CPU.ActiveCfg = Debug|Any CPU
		{315D43F1-7E02-41AF-81B2-0D35510C174D}.Debug|Any CPU.Build.0 = Debug|Any CPU
		{315D43F1-7E02-41AF-81B2-0D35510C174D}.Release|Any CPU.ActiveCfg = Release|Any CPU
		{315D43F1-7E02-41AF-81B2-0D35510C174D}.Release|Any CPU.Build.0 = Release|Any CPU
	EndGlobalSection
	GlobalSection(SolutionProperties) = preSolution
		HideSolutionNode = FALSE
	EndGlobalSection
	GlobalSection(ExtensibilityGlobals) = postSolution
		SolutionGuid = {32E64F15-1310-4EF9-AEE3-F3DA137A5343}
	EndGlobalSection
EndGlobal
